
Microsoft Visual Studio Solution File, Format Version 12.00
# Visual Studio Version 17
VisualStudioVersion = 17.12.35707.178
MinimumVisualStudioVersion = 10.0.40219.1
Project("{FAE04EC0-301F-11D3-BF4B-00C04F79EFBC}") = "Elevator", "Elevator\Elevator.csproj", "{20821F6D-6A83-48F6-9DC3-2AFA8FFF7805}"
EndProject
Project("{FAE04EC0-301F-11D3-BF4B-00C04F79EFBC}") = "ElevatorSimulation.Tests", "ElevatorSimulation.Tests\ElevatorSimulation.Tests.csproj", "{CAEE39FE-AC64-4095-B9AC-2F543135BEAE}"
EndProject
Global
	GlobalSection(SolutionConfigurationPlatforms) = preSolution
		Debug|Any CPU = Debug|Any CPU
		Release|Any CPU = Release|Any CPU
	EndGlobalSection
	GlobalSection(ProjectConfigurationPlatforms) = postSolution
		{20821F6D-6A83-48F6-9DC3-2AFA8FFF7805}.Debug|Any CPU.ActiveCfg = Debug|Any CPU
		{20821F6D-6A83-48F6-9DC3-2AFA8FFF7805}.Debug|Any CPU.Build.0 = Debug|Any CPU
		{20821F6D-6A83-48F6-9DC3-2AFA8FFF7805}.Release|Any CPU.ActiveCfg = Release|Any CPU
		{20821F6D-6A83-48F6-9DC3-2AFA8FFF7805}.Release|Any CPU.Build.0 = Release|Any CPU
		{CAEE39FE-AC64-4095-B9AC-2F543135BEAE}.Debug|Any CPU.ActiveCfg = Debug|Any CPU
		{CAEE39FE-AC64-4095-B9AC-2F543135BEAE}.Debug|Any CPU.Build.0 = Debug|Any CPU
		{CAEE39FE-AC64-4095-B9AC-2F543135BEAE}.Release|Any CPU.ActiveCfg = Release|Any CPU
		{CAEE39FE-AC64-4095-B9AC-2F543135BEAE}.Release|Any CPU.Build.0 = Release|Any CPU
	EndGlobalSection
	GlobalSection(SolutionProperties) = preSolution
		HideSolutionNode = FALSE
	EndGlobalSection
EndGlobal
